
Microsoft Visual Studio Solution File, Format Version 12.00
# Visual Studio 15
VisualStudioVersion = 15.0.27004.2002
MinimumVisualStudioVersion = 10.0.40219.1
Project("{9A19103F-16F7-4668-BE54-9A1E7A4F7556}") = "Jobsity.Chatroom", "Jobsity.Chatroom\Jobsity.Chatroom.csproj", "{34286F99-F1B9-4173-8744-133961BEB203}"
EndProject
Project("{FAE04EC0-301F-11D3-BF4B-00C04F79EFBC}") = "Jobsity.Chatroom.StockBot", "Jobsity.Chatroom.StockBot\Jobsity.Chatroom.StockBot.csproj", "{C0A4FB57-BF70-44FE-BB81-8554BAFA0E9D}"
EndProject
Global
	GlobalSection(SolutionConfigurationPlatforms) = preSolution
		Debug|Any CPU = Debug|Any CPU
		Release|Any CPU = Release|Any CPU
	EndGlobalSection
	GlobalSection(ProjectConfigurationPlatforms) = postSolution
		{34286F99-F1B9-4173-8744-133961BEB203}.Debug|Any CPU.ActiveCfg = Debug|Any CPU
		{34286F99-F1B9-4173-8744-133961BEB203}.Debug|Any CPU.Build.0 = Debug|Any CPU
		{34286F99-F1B9-4173-8744-133961BEB203}.Release|Any CPU.ActiveCfg = Release|Any CPU
		{34286F99-F1B9-4173-8744-133961BEB203}.Release|Any CPU.Build.0 = Release|Any CPU
		{C0A4FB57-BF70-44FE-BB81-8554BAFA0E9D}.Debug|Any CPU.ActiveCfg = Debug|Any CPU
		{C0A4FB57-BF70-44FE-BB81-8554BAFA0E9D}.Debug|Any CPU.Build.0 = Debug|Any CPU
		{C0A4FB57-BF70-44FE-BB81-8554BAFA0E9D}.Release|Any CPU.ActiveCfg = Release|Any CPU
		{C0A4FB57-BF70-44FE-BB81-8554BAFA0E9D}.Release|Any CPU.Build.0 = Release|Any CPU
	EndGlobalSection
	GlobalSection(SolutionProperties) = preSolution
		HideSolutionNode = FALSE
	EndGlobalSection
	GlobalSection(ExtensibilityGlobals) = postSolution
		SolutionGuid = {D015B0A3-84D4-475F-AE82-A57F96FDF6F9}
	EndGlobalSection
EndGlobal
